{
    "version": 3,
    "terraform_version": "0.11.11",
    "serial": 28,
    "lineage": "0bac0ed8-a7d4-feb5-e593-3c93f55618b5",
    "modules": [
        {
            "path": [
                "root"
            ],
            "outputs": {
                "app_external_ip": {
                    "sensitive": false,
                    "type": "string",
                    "value": "35.240.44.246"
                }
            },
            "resources": {
                "google_compute_firewall.firewall_puma": {
                    "type": "google_compute_firewall",
                    "depends_on": [],
                    "primary": {
                        "id": "allow-puma-default",
                        "attributes": {
                            "allow.#": "1",
                            "allow.931060522.ports.#": "1",
                            "allow.931060522.ports.0": "9292",
                            "allow.931060522.protocol": "tcp",
                            "creation_timestamp": "2019-04-10T08:21:01.979-07:00",
                            "deny.#": "0",
                            "description": "",
                            "destination_ranges.#": "0",
                            "direction": "INGRESS",
                            "disabled": "false",
                            "id": "allow-puma-default",
                            "name": "allow-puma-default",
                            "network": "https://www.googleapis.com/compute/v1/projects/ananiev-infra/global/networks/default",
                            "priority": "1000",
                            "project": "ananiev-infra",
                            "self_link": "https://www.googleapis.com/compute/v1/projects/ananiev-infra/global/firewalls/allow-puma-default",
                            "source_ranges.#": "1",
                            "source_ranges.1080289494": "0.0.0.0/0",
                            "source_service_accounts.#": "0",
                            "source_tags.#": "0",
                            "target_service_accounts.#": "0",
                            "target_tags.#": "1",
                            "target_tags.1799682348": "reddit-app"
                        },
                        "meta": {
                            "e2bfb730-ecaa-11e6-8f88-34363bc7c4c0": {
                                "create": 240000000000,
                                "delete": 240000000000,
                                "update": 240000000000
                            },
                            "schema_version": "1"
                        },
                        "tainted": false
                    },
                    "deposed": [],
                    "provider": "provider.google"
                },
                "google_compute_instance.app": {
                    "type": "google_compute_instance",
                    "depends_on": [],
                    "primary": {
                        "id": "reddit-app",
                        "attributes": {
                            "attached_disk.#": "0",
                            "boot_disk.#": "1",
                            "boot_disk.0.auto_delete": "true",
                            "boot_disk.0.device_name": "persistent-disk-0",
                            "boot_disk.0.disk_encryption_key_raw": "",
                            "boot_disk.0.disk_encryption_key_sha256": "",
                            "boot_disk.0.initialize_params.#": "1",
                            "boot_disk.0.initialize_params.0.image": "https://www.googleapis.com/compute/v1/projects/ananiev-infra/global/images/reddit-base-1554545009",
                            "boot_disk.0.initialize_params.0.size": "10",
                            "boot_disk.0.initialize_params.0.type": "pd-standard",
                            "boot_disk.0.source": "https://www.googleapis.com/compute/v1/projects/ananiev-infra/zones/europe-west1-b/disks/reddit-app",
                            "can_ip_forward": "false",
                            "cpu_platform": "Intel Sandy Bridge",
                            "deletion_protection": "false",
                            "guest_accelerator.#": "0",
                            "hostname": "",
                            "id": "reddit-app",
                            "instance_id": "2711768655531849520",
                            "label_fingerprint": "42WmSpB8rSM=",
                            "labels.%": "0",
                            "machine_type": "g1-small",
                            "metadata.%": "1",
                            "metadata.ssh-keys": "dennisananiev:ssh-rsa AAAAB3NzaC1yc2EAAAADAQABAAABAQCmB5jOHx5XAOT7YLOIoVoceg6qpNIhHgDDFZ6AjhvvCUJ5dbzmtVol963MgpGK0Tc9S0ub8n+HZtlLb6ySYs63GWpAs9UZnXU/k5u5nsaxRr+bobhUngUjaWQuW0mNxvl4p+zDeFzo0KHzoOcW8qi8rl4NF3ZHR6mL7z/3K0zwID4GIK7rTdHKi92iBGapJ6yZ2R9NAunfMTqpFvq47UgDV14VunefSoCk23CdoGVoWcRuDuj3hfwZ58n5fjxuRGifn+nz59dIhxNiwh/Ne3hIkS2laH/AaSdpUniWxI0rOu/YC+5+hnu7ozAKiXCNOJdrY9FbhGklKtgywBj2T9UD dennisananiev@Denniss-Air\n",
                            "metadata_fingerprint": "m-d4QXi5gDU=",
                            "metadata_startup_script": "",
                            "min_cpu_platform": "",
                            "name": "reddit-app",
                            "network_interface.#": "1",
                            "network_interface.0.access_config.#": "1",
                            "network_interface.0.access_config.0.assigned_nat_ip": "",
                            "network_interface.0.access_config.0.nat_ip": "35.240.44.246",
                            "network_interface.0.access_config.0.network_tier": "PREMIUM",
                            "network_interface.0.access_config.0.public_ptr_domain_name": "",
                            "network_interface.0.address": "",
                            "network_interface.0.alias_ip_range.#": "0",
                            "network_interface.0.name": "nic0",
                            "network_interface.0.network": "https://www.googleapis.com/compute/v1/projects/ananiev-infra/global/networks/default",
                            "network_interface.0.network_ip": "10.132.0.49",
                            "network_interface.0.subnetwork": "https://www.googleapis.com/compute/v1/projects/ananiev-infra/regions/europe-west1/subnetworks/default",
                            "network_interface.0.subnetwork_project": "ananiev-infra",
                            "project": "ananiev-infra",
                            "scheduling.#": "1",
                            "scheduling.0.automatic_restart": "true",
                            "scheduling.0.on_host_maintenance": "MIGRATE",
                            "scheduling.0.preemptible": "false",
                            "scratch_disk.#": "0",
                            "self_link": "https://www.googleapis.com/compute/v1/projects/ananiev-infra/zones/europe-west1-b/instances/reddit-app",
                            "service_account.#": "0",
                            "tags.#": "1",
                            "tags.1799682348": "reddit-app",
                            "tags_fingerprint": "M-ggixIz-AU=",
                            "zone": "europe-west1-b"
                        },
                        "meta": {
                            "e2bfb730-ecaa-11e6-8f88-34363bc7c4c0": {
                                "create": 360000000000,
                                "delete": 360000000000,
                                "update": 360000000000
                            },
                            "schema_version": "6"
                        },
                        "tainted": false
                    },
                    "deposed": [],
                    "provider": "provider.google"
                }
            },
            "depends_on": []
        }
    ]
}
